schema: '2.0'
stages:
  ingest:
    cmd: py -m src.data.ingest
    deps:
    - path: ../shared/data/raw/pc-parts-json
      hash: md5
      md5: e323eb2bedd48cc5ccaf9b65ff1cb986.dir
      size: 14363684
      nfiles: 25
    - path: src/data/ingest.py
      hash: md5
      md5: 2a6c5100b326248a315de609be30d194
      size: 3111
    - path: src/data/parse_utils.py
      hash: md5
      md5: ac6f50892cdc721b36dc0a8a52d714cd
      size: 1601
    - path: src/data/parts_attrs_dict.py
      hash: md5
      md5: a695a879b7f7f2db895ef9c49bc3df0b
      size: 3511
    outs:
    - path: ../shared/data/interim/pc-parts-merged.csv
      hash: md5
      md5: db889362a695efd0fdb3f99889695fc1
      size: 1750288
  preprocess:
    cmd: py -m src.features.preprocess
    deps:
    - path: ../shared/data/interim/pc-parts-merged.csv
      hash: md5
      md5: db889362a695efd0fdb3f99889695fc1
      size: 1750288
    - path: src/features/preprocess.py
      hash: md5
      md5: cac0c7370e4a773ca21b3b0ec6693057
      size: 1589
    - path: src/utils/tokenization.py
      hash: md5
      md5: 007c4fd12080390caa719eb281f19db0
      size: 448
    outs:
    - path: ../shared/data/processed/pc-parts-processed.csv
      hash: md5
      md5: 471700248deb13743ef6756a123818ff
      size: 1731742
  train:
    cmd: py -m src.models.train
    deps:
    - path: ../shared/data/processed/pc-parts-processed.csv
      hash: md5
      md5: 471700248deb13743ef6756a123818ff
      size: 1731742
    - path: params/evaluate.yaml
      hash: md5
      md5: a15219b03aebe837b44980db3e55b662
      size: 9
    - path: params/train.yaml
      hash: md5
      md5: 56758c68fe592f4c13061ae91521176e
      size: 212
    - path: src/models/evaluate.py
      hash: md5
      md5: 87800be6dbdd2b26619159ae62eb0905
      size: 4301
    - path: src/models/train.py
      hash: md5
      md5: 397cf277956864f23b41b677c2016b3f
      size: 2058
    outs:
    - path: models/full_pipeline_model.pkl
      hash: md5
      md5: 6c8a5f6b7a2985871610725ea1a6f4e7
      size: 479839712
    - path: models/metrics.json
      hash: md5
      md5: 60e276d9382fefef7c284b15ffa3ad10
      size: 1563
