schema: '2.0'
stages:
  ingest:
    cmd: py -m src.data.ingest
    deps:
    - path: ../shared/data/raw/pc-parts-json
      hash: md5
      md5: e323eb2bedd48cc5ccaf9b65ff1cb986.dir
      size: 14363684
      nfiles: 25
    - path: src/data/ingest.py
      hash: md5
      md5: 2a6c5100b326248a315de609be30d194
      size: 3111
    - path: src/data/parse_utils.py
      hash: md5
      md5: ac6f50892cdc721b36dc0a8a52d714cd
      size: 1601
    - path: src/data/parts_attrs_dict.py
      hash: md5
      md5: 0c4ba9db326ac60ef42989c24d7ed25c
      size: 3397
    outs:
    - path: ../shared/data/interim/pc-parts-merged.csv
      hash: md5
      md5: 7148b8fc9ffe8a7841b5ef639781f9a5
      size: 2879606
  preprocess:
    cmd: py -m src.features.preprocess
    deps:
    - path: ../shared/data/interim/pc-parts-merged.csv
      hash: md5
      md5: 7148b8fc9ffe8a7841b5ef639781f9a5
      size: 2879606
    - path: src/features/preprocess.py
      hash: md5
      md5: ff2db71bee8b5bf0c3b4f9011322557a
      size: 1336
    - path: src/utils/tokenization.py
      hash: md5
      md5: 007c4fd12080390caa719eb281f19db0
      size: 448
    outs:
    - path: ../shared/data/processed/pc-parts-processed.csv
      hash: md5
      md5: 495df86b19de04d942d78b53c1eceed0
      size: 2886540
  train:
    cmd: py -m src.models.train
    deps:
    - path: ../shared/data/processed/pc-parts-processed.csv
      hash: md5
      md5: 495df86b19de04d942d78b53c1eceed0
      size: 2886540
    - path: params/evaluate.yaml
      hash: md5
      md5: 092a07730d1e7def971f4b99cf917d0d
      size: 14
    - path: params/train.yaml
      hash: md5
      md5: cd3803254ea0bb971c5e46686557ddcc
      size: 119
    - path: src/models/evaluate.py
      hash: md5
      md5: f2245bc16021b2eb570bb197f7016726
      size: 3674
    - path: src/models/train.py
      hash: md5
      md5: 54207a778f31c01e4bb6f8413041cd46
      size: 2103
    outs:
    - path: models/logistic_regression_model.onnx
      hash: md5
      md5: cdbc87a2ce71a7f8c2923881c31e5cf5
      size: 18071
    - path: models/metrics.json
      hash: md5
      md5: 19426a8a61fbe6669419d8b6512710d2
      size: 350
