schema: '2.0'
stages:
  ingest:
    cmd: py -m src.data.ingest
    deps:
    - path: ../shared/data/raw/pc-parts-json
      hash: md5
      md5: e323eb2bedd48cc5ccaf9b65ff1cb986.dir
      size: 14363684
      nfiles: 25
    - path: src/data/ingest.py
      hash: md5
      md5: 2a6c5100b326248a315de609be30d194
      size: 3111
    - path: src/data/parse_utils.py
      hash: md5
      md5: ac6f50892cdc721b36dc0a8a52d714cd
      size: 1601
    - path: src/data/parts_attrs_dict.py
      hash: md5
      md5: a41f8aa801b534731afedd9cd4bc03d4
      size: 3515
    outs:
    - path: ../shared/data/interim/pc-parts-merged.csv
      hash: md5
      md5: 376028087aabafedde689935a561a64e
      size: 1584187
  preprocess:
    cmd: py -m src.features.preprocess
    deps:
    - path: ../shared/data/interim/pc-parts-merged.csv
      hash: md5
      md5: 376028087aabafedde689935a561a64e
      size: 1584187
    - path: src/features/preprocess.py
      hash: md5
      md5: eebc1dae7b2ddfd563973a3b359e20bc
      size: 1585
    - path: src/utils/tokenization.py
      hash: md5
      md5: 007c4fd12080390caa719eb281f19db0
      size: 448
    outs:
    - path: ../shared/data/processed/pc-parts-processed.csv
      hash: md5
      md5: 2abad0e442f4e8dd11405f312f2a3965
      size: 1581858
  train:
    cmd: py -m src.models.train
    deps:
    - path: ../shared/data/processed/pc-parts-processed.csv
      hash: md5
      md5: 2abad0e442f4e8dd11405f312f2a3965
      size: 1581858
    - path: params/evaluate.yaml
      hash: md5
      md5: 092a07730d1e7def971f4b99cf917d0d
      size: 14
    - path: params/train.yaml
      hash: md5
      md5: cd3803254ea0bb971c5e46686557ddcc
      size: 119
    - path: src/models/evaluate.py
      hash: md5
      md5: f2245bc16021b2eb570bb197f7016726
      size: 3674
    - path: src/models/train.py
      hash: md5
      md5: d997eddb94df71dab595c8d289d9c425
      size: 2021
    outs:
    - path: models/full_pipeline_model.pkl
      hash: md5
      md5: f91dfb5e332f605c51b897f22bd0bb79
      size: 91424016
    - path: models/metrics.json
      hash: md5
      md5: 94e0e9282c478fa36ec3d6d4aaf76ff6
      size: 348
